<?xml version="1.0" encoding="utf-8"?>
<Project ToolsVersion="4.0" xmlns="http://schemas.microsoft.com/developer/msbuild/2003">
  <ItemGroup>
    <Filter Include="Source Files">
      <UniqueIdentifier>{8eb506bd-5a4b-4c9b-b9ee-29104d37cff5}</UniqueIdentifier>
      <Extensions>cpp;c;cxx;rc;def;r;odl;idl;hpj;bat</Extensions>
    </Filter>
    <Filter Include="Header Files">
      <UniqueIdentifier>{1de430d8-abd5-4956-95c1-038fe2512e4d}</UniqueIdentifier>
      <Extensions>h;hpp;hxx;hm;inl</Extensions>
    </Filter>
    <Filter Include="Resource Files">
      <UniqueIdentifier>{15b815b1-f429-4aa5-9783-bec9902c932c}</UniqueIdentifier>
      <Extensions>ico;cur;bmp;dlg;rc2;rct;bin;rgs;gif;jpg;jpeg;jpe</Extensions>
    </Filter>
  </ItemGroup>
  <ItemGroup>
    <ClCompile Include="3dmath.cpp">
      <Filter>Source Files</Filter>
    </ClCompile>
    <ClCompile Include="BallController.cpp">
      <Filter>Source Files</Filter>
    </ClCompile>
    <ClCompile Include="clean_ogl_app.cpp">
      <Filter>Source Files</Filter>
    </ClCompile>
    <ClCompile Include="CleanGlWnd.cpp">
      <Filter>Source Files</Filter>
    </ClCompile>
    <ClCompile Include="filespec.cpp">
      <Filter>Source Files</Filter>
    </ClCompile>
    <ClCompile Include="Image.cpp">
      <Filter>Source Files</Filter>
    </ClCompile>
    <ClCompile Include="oglappDlg.cpp">
      <Filter>Source Files</Filter>
    </ClCompile>
    <ClCompile Include="OpenGLWnd.cpp">
      <Filter>Source Files</Filter>
    </ClCompile>
    <ClCompile Include="StdAfx.cpp">
      <Filter>Source Files</Filter>
    </ClCompile>
    <ClCompile Include="fullwindow\TranslationController.cpp">
      <Filter>Source Files</Filter>
    </ClCompile>
    <ClCompile Include="..\..\..\Bob%27s Stuff\Code\common\FUSION_util\cdib.cpp">
      <Filter>Source Files</Filter>
    </ClCompile>
  </ItemGroup>
  <ItemGroup>
    <ResourceCompile Include="clean_ogl_app.rc">
      <Filter>Source Files</Filter>
    </ResourceCompile>
  </ItemGroup>
  <ItemGroup>
    <ClInclude Include="3dmath.h">
      <Filter>Header Files</Filter>
    </ClInclude>
    <ClInclude Include="BallController.h">
      <Filter>Header Files</Filter>
    </ClInclude>
    <ClInclude Include="clean_ogl_app.h">
      <Filter>Header Files</Filter>
    </ClInclude>
    <ClInclude Include="CleanGlWnd.h">
      <Filter>Header Files</Filter>
    </ClInclude>
    <ClInclude Include="filespec.h">
      <Filter>Header Files</Filter>
    </ClInclude>
    <ClInclude Include="image.h">
      <Filter>Header Files</Filter>
    </ClInclude>
    <ClInclude Include="oglappDlg.h">
      <Filter>Header Files</Filter>
    </ClInclude>
    <ClInclude Include="OpenGLWnd.h">
      <Filter>Header Files</Filter>
    </ClInclude>
    <ClInclude Include="Resource.h">
      <Filter>Header Files</Filter>
    </ClInclude>
    <ClInclude Include="StdAfx.h">
      <Filter>Header Files</Filter>
    </ClInclude>
    <ClInclude Include="..\..\..\Bob%27s Stuff\Code\common\FUSION_util\cdib.h">
      <Filter>Header Files</Filter>
    </ClInclude>
  </ItemGroup>
  <ItemGroup>
    <Image Include="res\clean_ogl_app.ico">
      <Filter>Resource Files</Filter>
    </Image>
  </ItemGroup>
  <ItemGroup>
    <Text Include="..\..\..\Bob%27s Stuff\Code\clean_ogl_app\ReadMe.txt" />
  </ItemGroup>
  <ItemGroup>
    <CustomBuild Include="res\clean_ogl_app.rc2">
      <Filter>Resource Files</Filter>
    </CustomBuild>
  </ItemGroup>
</Project>